PODS:
  - IQKeyboardManagerSwift (6.2.0)

DEPENDENCIES:
  - IQKeyboardManagerSwift

SPEC REPOS:
  https://github.com/cocoapods/specs.git:
    - IQKeyboardManagerSwift

SPEC CHECKSUMS:
  IQKeyboardManagerSwift: b07ccf9d8cafe993dcd6cb794eb4ba34611a0c4e

PODFILE CHECKSUM: 583cef0a5a359adb142bd64c4ca62d7314e7b553

COCOAPODS: 1.6.1
