// !$*UTF8*$!
{
	archiveVersion = 1;
	classes = {
	};
	objectVersion = 50;
	objects = {

/* Begin PBXBuildFile section */
		511C128922927DAA002BB33E /* AppDelegate.swift in Sources */ = {isa = PBXBuildFile; fileRef = 511C128822927DAA002BB33E /* AppDelegate.swift */; };
		511C128B22927DAA002BB33E /* ViewController.swift in Sources */ = {isa = PBXBuildFile; fileRef = 511C128A22927DAA002BB33E /* ViewController.swift */; };
		511C128E22927DAA002BB33E /* Main.storyboard in Resources */ = {isa = PBXBuildFile; fileRef = 511C128C22927DAA002BB33E /* Main.storyboard */; };
		511C129022927DAC002BB33E /* Assets.xcassets in Resources */ = {isa = PBXBuildFile; fileRef = 511C128F22927DAC002BB33E /* Assets.xcassets */; };
		511C129322927DAC002BB33E /* LaunchScreen.storyboard in Resources */ = {isa = PBXBuildFile; fileRef = 511C129122927DAC002BB33E /* LaunchScreen.storyboard */; };
		511C129B22927DF7002BB33E /* HouseViewController.swift in Sources */ = {isa = PBXBuildFile; fileRef = 511C129A22927DF7002BB33E /* HouseViewController.swift */; };
		511C129D22927DF9002BB33E /* CharacterViewController.swift in Sources */ = {isa = PBXBuildFile; fileRef = 511C129C22927DF9002BB33E /* CharacterViewController.swift */; };
		511C129F2292839C002BB33E /* House.swift in Sources */ = {isa = PBXBuildFile; fileRef = 511C129E2292839C002BB33E /* House.swift */; };
		511C12A122928414002BB33E /* HouseCell.swift in Sources */ = {isa = PBXBuildFile; fileRef = 511C12A022928414002BB33E /* HouseCell.swift */; };
		511C12A922928C0C002BB33E /* RequestManager.swift in Sources */ = {isa = PBXBuildFile; fileRef = 511C12A822928C0C002BB33E /* RequestManager.swift */; };
		511C12AB22928DC7002BB33E /* BaseViewController.swift in Sources */ = {isa = PBXBuildFile; fileRef = 511C12AA22928DC7002BB33E /* BaseViewController.swift */; };
		511C12AD2292960D002BB33E /* CharacterCell.swift in Sources */ = {isa = PBXBuildFile; fileRef = 511C12AC2292960D002BB33E /* CharacterCell.swift */; };
		511C12AF229296F1002BB33E /* HouseCharacter.swift in Sources */ = {isa = PBXBuildFile; fileRef = 511C12AE229296F1002BB33E /* HouseCharacter.swift */; };
		8FCB7F3BA7C7EFF580EB6EBE /* Pods_GameOfSwift.framework in Frameworks */ = {isa = PBXBuildFile; fileRef = 310E3DE647DA843EE8FF162C /* Pods_GameOfSwift.framework */; };
/* End PBXBuildFile section */

/* Begin PBXFileReference section */
		310E3DE647DA843EE8FF162C /* Pods_GameOfSwift.framework */ = {isa = PBXFileReference; explicitFileType = wrapper.framework; includeInIndex = 0; path = Pods_GameOfSwift.framework; sourceTree = BUILT_PRODUCTS_DIR; };
		4921B934675EA8B25395EB65 /* Pods-GameOfSwift.debug.xcconfig */ = {isa = PBXFileReference; includeInIndex = 1; lastKnownFileType = text.xcconfig; name = "Pods-GameOfSwift.debug.xcconfig"; path = "Target Support Files/Pods-GameOfSwift/Pods-GameOfSwift.debug.xcconfig"; sourceTree = "<group>"; };
		511C128522927DAA002BB33E /* GameOfSwift.app */ = {isa = PBXFileReference; explicitFileType = wrapper.application; includeInIndex = 0; path = GameOfSwift.app; sourceTree = BUILT_PRODUCTS_DIR; };
		511C128822927DAA002BB33E /* AppDelegate.swift */ = {isa = PBXFileReference; lastKnownFileType = sourcecode.swift; path = AppDelegate.swift; sourceTree = "<group>"; };
		511C128A22927DAA002BB33E /* ViewController.swift */ = {isa = PBXFileReference; lastKnownFileType = sourcecode.swift; path = ViewController.swift; sourceTree = "<group>"; };
		511C128D22927DAA002BB33E /* Base */ = {isa = PBXFileReference; lastKnownFileType = file.storyboard; name = Base; path = Base.lproj/Main.storyboard; sourceTree = "<group>"; };
		511C128F22927DAC002BB33E /* Assets.xcassets */ = {isa = PBXFileReference; lastKnownFileType = folder.assetcatalog; path = Assets.xcassets; sourceTree = "<group>"; };
		511C129222927DAC002BB33E /* Base */ = {isa = PBXFileReference; lastKnownFileType = file.storyboard; name = Base; path = Base.lproj/LaunchScreen.storyboard; sourceTree = "<group>"; };
		511C129422927DAC002BB33E /* Info.plist */ = {isa = PBXFileReference; lastKnownFileType = text.plist.xml; path = Info.plist; sourceTree = "<group>"; };
		511C129A22927DF7002BB33E /* HouseViewController.swift */ = {isa = PBXFileReference; lastKnownFileType = sourcecode.swift; path = HouseViewController.swift; sourceTree = "<group>"; };
		511C129C22927DF9002BB33E /* CharacterViewController.swift */ = {isa = PBXFileReference; lastKnownFileType = sourcecode.swift; path = CharacterViewController.swift; sourceTree = "<group>"; };
		511C129E2292839C002BB33E /* House.swift */ = {isa = PBXFileReference; lastKnownFileType = sourcecode.swift; path = House.swift; sourceTree = "<group>"; };
		511C12A022928414002BB33E /* HouseCell.swift */ = {isa = PBXFileReference; lastKnownFileType = sourcecode.swift; path = HouseCell.swift; sourceTree = "<group>"; };
		511C12A822928C0C002BB33E /* RequestManager.swift */ = {isa = PBXFileReference; lastKnownFileType = sourcecode.swift; path = RequestManager.swift; sourceTree = "<group>"; };
		511C12AA22928DC7002BB33E /* BaseViewController.swift */ = {isa = PBXFileReference; lastKnownFileType = sourcecode.swift; path = BaseViewController.swift; sourceTree = "<group>"; };
		511C12AC2292960D002BB33E /* CharacterCell.swift */ = {isa = PBXFileReference; lastKnownFileType = sourcecode.swift; path = CharacterCell.swift; sourceTree = "<group>"; };
		511C12AE229296F1002BB33E /* HouseCharacter.swift */ = {isa = PBXFileReference; lastKnownFileType = sourcecode.swift; path = HouseCharacter.swift; sourceTree = "<group>"; };
		90D9DFC14166AD197AF715C0 /* Pods-GameOfSwift.release.xcconfig */ = {isa = PBXFileReference; includeInIndex = 1; lastKnownFileType = text.xcconfig; name = "Pods-GameOfSwift.release.xcconfig"; path = "Target Support Files/Pods-GameOfSwift/Pods-GameOfSwift.release.xcconfig"; sourceTree = "<group>"; };
/* End PBXFileReference section */

/* Begin PBXFrameworksBuildPhase section */
		511C128222927DAA002BB33E /* Frameworks */ = {
			isa = PBXFrameworksBuildPhase;
			buildActionMask = 2147483647;
			files = (
				8FCB7F3BA7C7EFF580EB6EBE /* Pods_GameOfSwift.framework in Frameworks */,
			);
			runOnlyForDeploymentPostprocessing = 0;
		};
/* End PBXFrameworksBuildPhase section */

/* Begin PBXGroup section */
		1CA3D29224CF4F683A8B7464 /* Pods */ = {
			isa = PBXGroup;
			children = (
				4921B934675EA8B25395EB65 /* Pods-GameOfSwift.debug.xcconfig */,
				90D9DFC14166AD197AF715C0 /* Pods-GameOfSwift.release.xcconfig */,
			);
			path = Pods;
			sourceTree = "<group>";
		};
		511C127C22927DAA002BB33E = {
			isa = PBXGroup;
			children = (
				511C128722927DAA002BB33E /* GameOfSwift */,
				511C128622927DAA002BB33E /* Products */,
				1CA3D29224CF4F683A8B7464 /* Pods */,
				78DEB4E308CBBE4B70D6AC69 /* Frameworks */,
			);
			sourceTree = "<group>";
		};
		511C128622927DAA002BB33E /* Products */ = {
			isa = PBXGroup;
			children = (
				511C128522927DAA002BB33E /* GameOfSwift.app */,
			);
			name = Products;
			sourceTree = "<group>";
		};
		511C128722927DAA002BB33E /* GameOfSwift */ = {
			isa = PBXGroup;
			children = (
				5132154F2292E4190079666E /* controllers */,
				5132154E2292E4060079666E /* api */,
				5132154D2292E3F50079666E /* models */,
				5132154C2292E3EB0079666E /* cell */,
				511C128822927DAA002BB33E /* AppDelegate.swift */,
				511C128C22927DAA002BB33E /* Main.storyboard */,
				511C128F22927DAC002BB33E /* Assets.xcassets */,
				511C129122927DAC002BB33E /* LaunchScreen.storyboard */,
				511C129422927DAC002BB33E /* Info.plist */,
			);
			path = GameOfSwift;
			sourceTree = "<group>";
		};
		5132154C2292E3EB0079666E /* cell */ = {
			isa = PBXGroup;
			children = (
				511C12A022928414002BB33E /* HouseCell.swift */,
				511C12AC2292960D002BB33E /* CharacterCell.swift */,
			);
			path = cell;
			sourceTree = "<group>";
		};
		5132154D2292E3F50079666E /* models */ = {
			isa = PBXGroup;
			children = (
				511C129E2292839C002BB33E /* House.swift */,
				511C12AE229296F1002BB33E /* HouseCharacter.swift */,
			);
			path = models;
			sourceTree = "<group>";
		};
		5132154E2292E4060079666E /* api */ = {
			isa = PBXGroup;
			children = (
				511C12A822928C0C002BB33E /* RequestManager.swift */,
			);
			path = api;
			sourceTree = "<group>";
		};
		5132154F2292E4190079666E /* controllers */ = {
			isa = PBXGroup;
			children = (
				511C128A22927DAA002BB33E /* ViewController.swift */,
				511C129A22927DF7002BB33E /* HouseViewController.swift */,
				511C129C22927DF9002BB33E /* CharacterViewController.swift */,
				511C12AA22928DC7002BB33E /* BaseViewController.swift */,
			);
			path = controllers;
			sourceTree = "<group>";
		};
		78DEB4E308CBBE4B70D6AC69 /* Frameworks */ = {
			isa = PBXGroup;
			children = (
				310E3DE647DA843EE8FF162C /* Pods_GameOfSwift.framework */,
			);
			name = Frameworks;
			sourceTree = "<group>";
		};
/* End PBXGroup section */

/* Begin PBXNativeTarget section */
		511C128422927DAA002BB33E /* GameOfSwift */ = {
			isa = PBXNativeTarget;
			buildConfigurationList = 511C129722927DAC002BB33E /* Build configuration list for PBXNativeTarget "GameOfSwift" */;
			buildPhases = (
				D18053312D65F1098ACF52B2 /* [CP] Check Pods Manifest.lock */,
				511C128122927DAA002BB33E /* Sources */,
				511C128222927DAA002BB33E /* Frameworks */,
				511C128322927DAA002BB33E /* Resources */,
				ED6D9664C2A517B6ED0631DE /* [CP] Embed Pods Frameworks */,
			);
			buildRules = (
			);
			dependencies = (
			);
			name = GameOfSwift;
			productName = GameOfSwift;
			productReference = 511C128522927DAA002BB33E /* GameOfSwift.app */;
			productType = "com.apple.product-type.application";
		};
/* End PBXNativeTarget section */

/* Begin PBXProject section */
		511C127D22927DAA002BB33E /* Project object */ = {
			isa = PBXProject;
			attributes = {
				LastSwiftUpdateCheck = 1020;
				LastUpgradeCheck = 1020;
				ORGANIZATIONNAME = "Jean-Charles Moussé";
				TargetAttributes = {
					511C128422927DAA002BB33E = {
						CreatedOnToolsVersion = 10.2.1;
					};
				};
			};
			buildConfigurationList = 511C128022927DAA002BB33E /* Build configuration list for PBXProject "GameOfSwift" */;
			compatibilityVersion = "Xcode 9.3";
			developmentRegion = en;
			hasScannedForEncodings = 0;
			knownRegions = (
				en,
				Base,
			);
			mainGroup = 511C127C22927DAA002BB33E;
			productRefGroup = 511C128622927DAA002BB33E /* Products */;
			projectDirPath = "";
			projectRoot = "";
			targets = (
				511C128422927DAA002BB33E /* GameOfSwift */,
			);
		};
/* End PBXProject section */

/* Begin PBXResourcesBuildPhase section */
		511C128322927DAA002BB33E /* Resources */ = {
			isa = PBXResourcesBuildPhase;
			buildActionMask = 2147483647;
			files = (
				511C129322927DAC002BB33E /* LaunchScreen.storyboard in Resources */,
				511C129022927DAC002BB33E /* Assets.xcassets in Resources */,
				511C128E22927DAA002BB33E /* Main.storyboard in Resources */,
			);
			runOnlyForDeploymentPostprocessing = 0;
		};
/* End PBXResourcesBuildPhase section */

/* Begin PBXShellScriptBuildPhase section */
		D18053312D65F1098ACF52B2 /* [CP] Check Pods Manifest.lock */ = {
			isa = PBXShellScriptBuildPhase;
			buildActionMask = 2147483647;
			files = (
			);
			inputFileListPaths = (
			);
			inputPaths = (
				"${PODS_PODFILE_DIR_PATH}/Podfile.lock",
				"${PODS_ROOT}/Manifest.lock",
			);
			name = "[CP] Check Pods Manifest.lock";
			outputFileListPaths = (
			);
			outputPaths = (
				"$(DERIVED_FILE_DIR)/Pods-GameOfSwift-checkManifestLockResult.txt",
			);
			runOnlyForDeploymentPostprocessing = 0;
			shellPath = /bin/sh;
			shellScript = "diff \"${PODS_PODFILE_DIR_PATH}/Podfile.lock\" \"${PODS_ROOT}/Manifest.lock\" > /dev/null\nif [ $? != 0 ] ; then\n    # print error to STDERR\n    echo \"error: The sandbox is not in sync with the Podfile.lock. Run 'pod install' or update your CocoaPods installation.\" >&2\n    exit 1\nfi\n# This output is used by Xcode 'outputs' to avoid re-running this script phase.\necho \"SUCCESS\" > \"${SCRIPT_OUTPUT_FILE_0}\"\n";
			showEnvVarsInLog = 0;
		};
		ED6D9664C2A517B6ED0631DE /* [CP] Embed Pods Frameworks */ = {
			isa = PBXShellScriptBuildPhase;
			buildActionMask = 2147483647;
			files = (
			);
			inputFileListPaths = (
			);
			inputPaths = (
				"${PODS_ROOT}/Target Support Files/Pods-GameOfSwift/Pods-GameOfSwift-frameworks.sh",
				"${BUILT_PRODUCTS_DIR}/Alamofire/Alamofire.framework",
				"${BUILT_PRODUCTS_DIR}/SDWebImage/SDWebImage.framework",
			);
			name = "[CP] Embed Pods Frameworks";
			outputFileListPaths = (
			);
			outputPaths = (
				"${TARGET_BUILD_DIR}/${FRAMEWORKS_FOLDER_PATH}/Alamofire.framework",
				"${TARGET_BUILD_DIR}/${FRAMEWORKS_FOLDER_PATH}/SDWebImage.framework",
			);
			runOnlyForDeploymentPostprocessing = 0;
			shellPath = /bin/sh;
			shellScript = "\"${PODS_ROOT}/Target Support Files/Pods-GameOfSwift/Pods-GameOfSwift-frameworks.sh\"\n";
			showEnvVarsInLog = 0;
		};
/* End PBXShellScriptBuildPhase section */

/* Begin PBXSourcesBuildPhase section */
		511C128122927DAA002BB33E /* Sources */ = {
			isa = PBXSourcesBuildPhase;
			buildActionMask = 2147483647;
			files = (
				511C128B22927DAA002BB33E /* ViewController.swift in Sources */,
				511C129B22927DF7002BB33E /* HouseViewController.swift in Sources */,
				511C12AF229296F1002BB33E /* HouseCharacter.swift in Sources */,
				511C129D22927DF9002BB33E /* CharacterViewController.swift in Sources */,
				511C129F2292839C002BB33E /* House.swift in Sources */,
				511C12A122928414002BB33E /* HouseCell.swift in Sources */,
				511C12AB22928DC7002BB33E /* BaseViewController.swift in Sources */,
				511C12A922928C0C002BB33E /* RequestManager.swift in Sources */,
				511C12AD2292960D002BB33E /* CharacterCell.swift in Sources */,
				511C128922927DAA002BB33E /* AppDelegate.swift in Sources */,
			);
			runOnlyForDeploymentPostprocessing = 0;
		};
/* End PBXSourcesBuildPhase section */

/* Begin PBXVariantGroup section */
		511C128C22927DAA002BB33E /* Main.storyboard */ = {
			isa = PBXVariantGroup;
			children = (
				511C128D22927DAA002BB33E /* Base */,
			);
			name = Main.storyboard;
			sourceTree = "<group>";
		};
		511C129122927DAC002BB33E /* LaunchScreen.storyboard */ = {
			isa = PBXVariantGroup;
			children = (
				511C129222927DAC002BB33E /* Base */,
			);
			name = LaunchScreen.storyboard;
			sourceTree = "<group>";
		};
/* End PBXVariantGroup section */

/* Begin XCBuildConfiguration section */
		511C129522927DAC002BB33E /* Debug */ = {
			isa = XCBuildConfiguration;
			buildSettings = {
				ALWAYS_SEARCH_USER_PATHS = NO;
				CLANG_ANALYZER_NONNULL = YES;
				CLANG_ANALYZER_NUMBER_OBJECT_CONVERSION = YES_AGGRESSIVE;
				CLANG_CXX_LANGUAGE_STANDARD = "gnu++14";
				CLANG_CXX_LIBRARY = "libc++";
				CLANG_ENABLE_MODULES = YES;
				CLANG_ENABLE_OBJC_ARC = YES;
				CLANG_ENABLE_OBJC_WEAK = YES;
				CLANG_WARN_BLOCK_CAPTURE_AUTORELEASING = YES;
				CLANG_WARN_BOOL_CONVERSION = YES;
				CLANG_WARN_COMMA = YES;
				CLANG_WARN_CONSTANT_CONVERSION = YES;
				CLANG_WARN_DEPRECATED_OBJC_IMPLEMENTATIONS = YES;
				CLANG_WARN_DIRECT_OBJC_ISA_USAGE = YES_ERROR;
				CLANG_WARN_DOCUMENTATION_COMMENTS = YES;
				CLANG_WARN_EMPTY_BODY = YES;
				CLANG_WARN_ENUM_CONVERSION = YES;
				CLANG_WARN_INFINITE_RECURSION = YES;
				CLANG_WARN_INT_CONVERSION = YES;
				CLANG_WARN_NON_LITERAL_NULL_CONVERSION = YES;
				CLANG_WARN_OBJC_IMPLICIT_RETAIN_SELF = YES;
				CLANG_WARN_OBJC_LITERAL_CONVERSION = YES;
				CLANG_WARN_OBJC_ROOT_CLASS = YES_ERROR;
				CLANG_WARN_RANGE_LOOP_ANALYSIS = YES;
				CLANG_WARN_STRICT_PROTOTYPES = YES;
				CLANG_WARN_SUSPICIOUS_MOVE = YES;
				CLANG_WARN_UNGUARDED_AVAILABILITY = YES_AGGRESSIVE;
				CLANG_WARN_UNREACHABLE_CODE = YES;
				CLANG_WARN__DUPLICATE_METHOD_MATCH = YES;
				CODE_SIGN_IDENTITY = "iPhone Developer";
				COPY_PHASE_STRIP = NO;
				DEBUG_INFORMATION_FORMAT = dwarf;
				ENABLE_STRICT_OBJC_MSGSEND = YES;
				ENABLE_TESTABILITY = YES;
				GCC_C_LANGUAGE_STANDARD = gnu11;
				GCC_DYNAMIC_NO_PIC = NO;
				GCC_NO_COMMON_BLOCKS = YES;
				GCC_OPTIMIZATION_LEVEL = 0;
				GCC_PREPROCESSOR_DEFINITIONS = (
					"DEBUG=1",
					"$(inherited)",
				);
				GCC_WARN_64_TO_32_BIT_CONVERSION = YES;
				GCC_WARN_ABOUT_RETURN_TYPE = YES_ERROR;
				GCC_WARN_UNDECLARED_SELECTOR = YES;
				GCC_WARN_UNINITIALIZED_AUTOS = YES_AGGRESSIVE;
				GCC_WARN_UNUSED_FUNCTION = YES;
				GCC_WARN_UNUSED_VARIABLE = YES;
				IPHONEOS_DEPLOYMENT_TARGET = 12.2;
				MTL_ENABLE_DEBUG_INFO = INCLUDE_SOURCE;
				MTL_FAST_MATH = YES;
				ONLY_ACTIVE_ARCH = YES;
				SDKROOT = iphoneos;
				SWIFT_ACTIVE_COMPILATION_CONDITIONS = DEBUG;
				SWIFT_OPTIMIZATION_LEVEL = "-Onone";
			};
			name = Debug;
		};
		511C129622927DAC002BB33E /* Release */ = {
			isa = XCBuildConfiguration;
			buildSettings = {
				ALWAYS_SEARCH_USER_PATHS = NO;
				CLANG_ANALYZER_NONNULL = YES;
				CLANG_ANALYZER_NUMBER_OBJECT_CONVERSION = YES_AGGRESSIVE;
				CLANG_CXX_LANGUAGE_STANDARD = "gnu++14";
				CLANG_CXX_LIBRARY = "libc++";
				CLANG_ENABLE_MODULES = YES;
				CLANG_ENABLE_OBJC_ARC = YES;
				CLANG_ENABLE_OBJC_WEAK = YES;
				CLANG_WARN_BLOCK_CAPTURE_AUTORELEASING = YES;
				CLANG_WARN_BOOL_CONVERSION = YES;
				CLANG_WARN_COMMA = YES;
				CLANG_WARN_CONSTANT_CONVERSION = YES;
				CLANG_WARN_DEPRECATED_OBJC_IMPLEMENTATIONS = YES;
				CLANG_WARN_DIRECT_OBJC_ISA_USAGE = YES_ERROR;
				CLANG_WARN_DOCUMENTATION_COMMENTS = YES;
				CLANG_WARN_EMPTY_BODY = YES;
				CLANG_WARN_ENUM_CONVERSION = YES;
				CLANG_WARN_INFINITE_RECURSION = YES;
				CLANG_WARN_INT_CONVERSION = YES;
				CLANG_WARN_NON_LITERAL_NULL_CONVERSION = YES;
				CLANG_WARN_OBJC_IMPLICIT_RETAIN_SELF = YES;
				CLANG_WARN_OBJC_LITERAL_CONVERSION = YES;
				CLANG_WARN_OBJC_ROOT_CLASS = YES_ERROR;
				CLANG_WARN_RANGE_LOOP_ANALYSIS = YES;
				CLANG_WARN_STRICT_PROTOTYPES = YES;
				CLANG_WARN_SUSPICIOUS_MOVE = YES;
				CLANG_WARN_UNGUARDED_AVAILABILITY = YES_AGGRESSIVE;
				CLANG_WARN_UNREACHABLE_CODE = YES;
				CLANG_WARN__DUPLICATE_METHOD_MATCH = YES;
				CODE_SIGN_IDENTITY = "iPhone Developer";
				COPY_PHASE_STRIP = NO;
				DEBUG_INFORMATION_FORMAT = "dwarf-with-dsym";
				ENABLE_NS_ASSERTIONS = NO;
				ENABLE_STRICT_OBJC_MSGSEND = YES;
				GCC_C_LANGUAGE_STANDARD = gnu11;
				GCC_NO_COMMON_BLOCKS = YES;
				GCC_WARN_64_TO_32_BIT_CONVERSION = YES;
				GCC_WARN_ABOUT_RETURN_TYPE = YES_ERROR;
				GCC_WARN_UNDECLARED_SELECTOR = YES;
				GCC_WARN_UNINITIALIZED_AUTOS = YES_AGGRESSIVE;
				GCC_WARN_UNUSED_FUNCTION = YES;
				GCC_WARN_UNUSED_VARIABLE = YES;
				IPHONEOS_DEPLOYMENT_TARGET = 12.2;
				MTL_ENABLE_DEBUG_INFO = NO;
				MTL_FAST_MATH = YES;
				SDKROOT = iphoneos;
				SWIFT_COMPILATION_MODE = wholemodule;
				SWIFT_OPTIMIZATION_LEVEL = "-O";
				VALIDATE_PRODUCT = YES;
			};
			name = Release;
		};
		511C129822927DAC002BB33E /* Debug */ = {
			isa = XCBuildConfiguration;
			baseConfigurationReference = 4921B934675EA8B25395EB65 /* Pods-GameOfSwift.debug.xcconfig */;
			buildSettings = {
				ASSETCATALOG_COMPILER_APPICON_NAME = AppIcon;
				CODE_SIGN_STYLE = Automatic;
				INFOPLIST_FILE = GameOfSwift/Info.plist;
				LD_RUNPATH_SEARCH_PATHS = (
					"$(inherited)",
					"@executable_path/Frameworks",
				);
				PRODUCT_BUNDLE_IDENTIFIER = com.pyozer.GameOfSwift;
				PRODUCT_NAME = "$(TARGET_NAME)";
				SWIFT_VERSION = 5.0;
				TARGETED_DEVICE_FAMILY = "1,2";
			};
			name = Debug;
		};
		511C129922927DAC002BB33E /* Release */ = {
			isa = XCBuildConfiguration;
			baseConfigurationReference = 90D9DFC14166AD197AF715C0 /* Pods-GameOfSwift.release.xcconfig */;
			buildSettings = {
				ASSETCATALOG_COMPILER_APPICON_NAME = AppIcon;
				CODE_SIGN_STYLE = Automatic;
				INFOPLIST_FILE = GameOfSwift/Info.plist;
				LD_RUNPATH_SEARCH_PATHS = (
					"$(inherited)",
					"@executable_path/Frameworks",
				);
				PRODUCT_BUNDLE_IDENTIFIER = com.pyozer.GameOfSwift;
				PRODUCT_NAME = "$(TARGET_NAME)";
				SWIFT_VERSION = 5.0;
				TARGETED_DEVICE_FAMILY = "1,2";
			};
			name = Release;
		};
/* End XCBuildConfiguration section */

/* Begin XCConfigurationList section */
		511C128022927DAA002BB33E /* Build configuration list for PBXProject "GameOfSwift" */ = {
			isa = XCConfigurationList;
			buildConfigurations = (
				511C129522927DAC002BB33E /* Debug */,
				511C129622927DAC002BB33E /* Release */,
			);
			defaultConfigurationIsVisible = 0;
			defaultConfigurationName = Release;
		};
		511C129722927DAC002BB33E /* Build configuration list for PBXNativeTarget "GameOfSwift" */ = {
			isa = XCConfigurationList;
			buildConfigurations = (
				511C129822927DAC002BB33E /* Debug */,
				511C129922927DAC002BB33E /* Release */,
			);
			defaultConfigurationIsVisible = 0;
			defaultConfigurationName = Release;
		};
/* End XCConfigurationList section */
	};
	rootObject = 511C127D22927DAA002BB33E /* Project object */;
}
